
Microsoft Visual Studio Solution File, Format Version 12.00
# Visual Studio Version 16
VisualStudioVersion = 16.0.30717.126
MinimumVisualStudioVersion = 10.0.40219.1
Project("{FAE04EC0-301F-11D3-BF4B-00C04F79EFBC}") = "WorldServiceNew", "WorldServiceNew\WorldServiceNew.csproj", "{1023BCAD-DFB5-4B01-93D4-E7AFBA95484C}"
EndProject
Global
	GlobalSection(SolutionConfigurationPlatforms) = preSolution
		Debug|Any CPU = Debug|Any CPU
		Release|Any CPU = Release|Any CPU
	EndGlobalSection
	GlobalSection(ProjectConfigurationPlatforms) = postSolution
		{1023BCAD-DFB5-4B01-93D4-E7AFBA95484C}.Debug|Any CPU.ActiveCfg = Debug|Any CPU
		{1023BCAD-DFB5-4B01-93D4-E7AFBA95484C}.Debug|Any CPU.Build.0 = Debug|Any CPU
		{1023BCAD-DFB5-4B01-93D4-E7AFBA95484C}.Release|Any CPU.ActiveCfg = Release|Any CPU
		{1023BCAD-DFB5-4B01-93D4-E7AFBA95484C}.Release|Any CPU.Build.0 = Release|Any CPU
	EndGlobalSection
	GlobalSection(SolutionProperties) = preSolution
		HideSolutionNode = FALSE
	EndGlobalSection
	GlobalSection(ExtensibilityGlobals) = postSolution
		SolutionGuid = {8AEBE2B0-1DE3-4CAE-AB89-2C47DD70A0E2}
	EndGlobalSection
EndGlobal
